
Microsoft Visual Studio Solution File, Format Version 11.00
# Visual Studio 2010
Project("{FAE04EC0-301F-11D3-BF4B-00C04F79EFBC}") = "VPR.WebApp", "VPR.WebApp\VPR.WebApp.csproj", "{839F6581-EEE5-4BF9-B4EA-792DD344C3E9}"
	ProjectSection(ProjectDependencies) = postProject
		{DEAA8F62-9F75-48A1-AD97-9FAE417E238F} = {DEAA8F62-9F75-48A1-AD97-9FAE417E238F}
		{8F7034CA-9283-4E9F-AF15-44D0CE2422FD} = {8F7034CA-9283-4E9F-AF15-44D0CE2422FD}
		{74F85AF9-5B3A-4461-ABFA-63A3A9B23845} = {74F85AF9-5B3A-4461-ABFA-63A3A9B23845}
		{96CE34FB-822A-4470-8919-130E02839431} = {96CE34FB-822A-4470-8919-130E02839431}
	EndProjectSection
EndProject
Project("{FAE04EC0-301F-11D3-BF4B-00C04F79EFBC}") = "VPR.Entity", "VPR.Entity\VPR.Entity.csproj", "{8F7034CA-9283-4E9F-AF15-44D0CE2422FD}"
EndProject
Project("{FAE04EC0-301F-11D3-BF4B-00C04F79EFBC}") = "VPR.Utilities", "VPR.Utilities\VPR.Utilities.csproj", "{96CE34FB-822A-4470-8919-130E02839431}"
EndProject
Project("{FAE04EC0-301F-11D3-BF4B-00C04F79EFBC}") = "VPR.BLL", "VPR.BLL\VPR.BLL.csproj", "{07295C3E-C8A6-48F0-AC84-824D50F9DD5A}"
	ProjectSection(ProjectDependencies) = postProject
		{DEAA8F62-9F75-48A1-AD97-9FAE417E238F} = {DEAA8F62-9F75-48A1-AD97-9FAE417E238F}
		{74F85AF9-5B3A-4461-ABFA-63A3A9B23845} = {74F85AF9-5B3A-4461-ABFA-63A3A9B23845}
	EndProjectSection
EndProject
Project("{FAE04EC0-301F-11D3-BF4B-00C04F79EFBC}") = "VPR.DAL", "VPR.DAL\VPR.DAL.csproj", "{74F85AF9-5B3A-4461-ABFA-63A3A9B23845}"
	ProjectSection(ProjectDependencies) = postProject
		{DEAA8F62-9F75-48A1-AD97-9FAE417E238F} = {DEAA8F62-9F75-48A1-AD97-9FAE417E238F}
		{8F7034CA-9283-4E9F-AF15-44D0CE2422FD} = {8F7034CA-9283-4E9F-AF15-44D0CE2422FD}
		{96CE34FB-822A-4470-8919-130E02839431} = {96CE34FB-822A-4470-8919-130E02839431}
	EndProjectSection
EndProject
Project("{FAE04EC0-301F-11D3-BF4B-00C04F79EFBC}") = "VPR.Common", "VPR.Common\VPR.Common.csproj", "{DEAA8F62-9F75-48A1-AD97-9FAE417E238F}"
EndProject
Project("{FAE04EC0-301F-11D3-BF4B-00C04F79EFBC}") = "EmailScheduler", "EmailScheduler\EmailScheduler.csproj", "{C4E1B7D4-3D28-49EB-A805-69DC0C1412EA}"
EndProject
Global
	GlobalSection(SolutionConfigurationPlatforms) = preSolution
		Debug|Any CPU = Debug|Any CPU
		Debug|Mixed Platforms = Debug|Mixed Platforms
		Debug|x86 = Debug|x86
		Release|Any CPU = Release|Any CPU
		Release|Mixed Platforms = Release|Mixed Platforms
		Release|x86 = Release|x86
	EndGlobalSection
	GlobalSection(ProjectConfigurationPlatforms) = postSolution
		{839F6581-EEE5-4BF9-B4EA-792DD344C3E9}.Debug|Any CPU.ActiveCfg = Debug|Any CPU
		{839F6581-EEE5-4BF9-B4EA-792DD344C3E9}.Debug|Any CPU.Build.0 = Debug|Any CPU
		{839F6581-EEE5-4BF9-B4EA-792DD344C3E9}.Debug|Mixed Platforms.ActiveCfg = Debug|Any CPU
		{839F6581-EEE5-4BF9-B4EA-792DD344C3E9}.Debug|Mixed Platforms.Build.0 = Debug|Any CPU
		{839F6581-EEE5-4BF9-B4EA-792DD344C3E9}.Debug|x86.ActiveCfg = Debug|Any CPU
		{839F6581-EEE5-4BF9-B4EA-792DD344C3E9}.Release|Any CPU.ActiveCfg = Release|Any CPU
		{839F6581-EEE5-4BF9-B4EA-792DD344C3E9}.Release|Any CPU.Build.0 = Release|Any CPU
		{839F6581-EEE5-4BF9-B4EA-792DD344C3E9}.Release|Mixed Platforms.ActiveCfg = Release|Any CPU
		{839F6581-EEE5-4BF9-B4EA-792DD344C3E9}.Release|Mixed Platforms.Build.0 = Release|Any CPU
		{839F6581-EEE5-4BF9-B4EA-792DD344C3E9}.Release|x86.ActiveCfg = Release|Any CPU
		{8F7034CA-9283-4E9F-AF15-44D0CE2422FD}.Debug|Any CPU.ActiveCfg = Debug|Any CPU
		{8F7034CA-9283-4E9F-AF15-44D0CE2422FD}.Debug|Any CPU.Build.0 = Debug|Any CPU
		{8F7034CA-9283-4E9F-AF15-44D0CE2422FD}.Debug|Mixed Platforms.ActiveCfg = Debug|Any CPU
		{8F7034CA-9283-4E9F-AF15-44D0CE2422FD}.Debug|Mixed Platforms.Build.0 = Debug|Any CPU
		{8F7034CA-9283-4E9F-AF15-44D0CE2422FD}.Debug|x86.ActiveCfg = Debug|Any CPU
		{8F7034CA-9283-4E9F-AF15-44D0CE2422FD}.Release|Any CPU.ActiveCfg = Release|Any CPU
		{8F7034CA-9283-4E9F-AF15-44D0CE2422FD}.Release|Any CPU.Build.0 = Release|Any CPU
		{8F7034CA-9283-4E9F-AF15-44D0CE2422FD}.Release|Mixed Platforms.ActiveCfg = Release|Any CPU
		{8F7034CA-9283-4E9F-AF15-44D0CE2422FD}.Release|Mixed Platforms.Build.0 = Release|Any CPU
		{8F7034CA-9283-4E9F-AF15-44D0CE2422FD}.Release|x86.ActiveCfg = Release|Any CPU
		{96CE34FB-822A-4470-8919-130E02839431}.Debug|Any CPU.ActiveCfg = Debug|Any CPU
		{96CE34FB-822A-4470-8919-130E02839431}.Debug|Any CPU.Build.0 = Debug|Any CPU
		{96CE34FB-822A-4470-8919-130E02839431}.Debug|Mixed Platforms.ActiveCfg = Debug|Any CPU
		{96CE34FB-822A-4470-8919-130E02839431}.Debug|Mixed Platforms.Build.0 = Debug|Any CPU
		{96CE34FB-822A-4470-8919-130E02839431}.Debug|x86.ActiveCfg = Debug|Any CPU
		{96CE34FB-822A-4470-8919-130E02839431}.Release|Any CPU.ActiveCfg = Release|Any CPU
		{96CE34FB-822A-4470-8919-130E02839431}.Release|Any CPU.Build.0 = Release|Any CPU
		{96CE34FB-822A-4470-8919-130E02839431}.Release|Mixed Platforms.ActiveCfg = Release|Any CPU
		{96CE34FB-822A-4470-8919-130E02839431}.Release|Mixed Platforms.Build.0 = Release|Any CPU
		{96CE34FB-822A-4470-8919-130E02839431}.Release|x86.ActiveCfg = Release|Any CPU
		{07295C3E-C8A6-48F0-AC84-824D50F9DD5A}.Debug|Any CPU.ActiveCfg = Debug|Any CPU
		{07295C3E-C8A6-48F0-AC84-824D50F9DD5A}.Debug|Any CPU.Build.0 = Debug|Any CPU
		{07295C3E-C8A6-48F0-AC84-824D50F9DD5A}.Debug|Mixed Platforms.ActiveCfg = Debug|Any CPU
		{07295C3E-C8A6-48F0-AC84-824D50F9DD5A}.Debug|Mixed Platforms.Build.0 = Debug|Any CPU
		{07295C3E-C8A6-48F0-AC84-824D50F9DD5A}.Debug|x86.ActiveCfg = Debug|Any CPU
		{07295C3E-C8A6-48F0-AC84-824D50F9DD5A}.Release|Any CPU.ActiveCfg = Release|Any CPU
		{07295C3E-C8A6-48F0-AC84-824D50F9DD5A}.Release|Any CPU.Build.0 = Release|Any CPU
		{07295C3E-C8A6-48F0-AC84-824D50F9DD5A}.Release|Mixed Platforms.ActiveCfg = Release|Any CPU
		{07295C3E-C8A6-48F0-AC84-824D50F9DD5A}.Release|Mixed Platforms.Build.0 = Release|Any CPU
		{07295C3E-C8A6-48F0-AC84-824D50F9DD5A}.Release|x86.ActiveCfg = Release|Any CPU
		{74F85AF9-5B3A-4461-ABFA-63A3A9B23845}.Debug|Any CPU.ActiveCfg = Debug|Any CPU
		{74F85AF9-5B3A-4461-ABFA-63A3A9B23845}.Debug|Any CPU.Build.0 = Debug|Any CPU
		{74F85AF9-5B3A-4461-ABFA-63A3A9B23845}.Debug|Mixed Platforms.ActiveCfg = Debug|Any CPU
		{74F85AF9-5B3A-4461-ABFA-63A3A9B23845}.Debug|Mixed Platforms.Build.0 = Debug|Any CPU
		{74F85AF9-5B3A-4461-ABFA-63A3A9B23845}.Debug|x86.ActiveCfg = Debug|Any CPU
		{74F85AF9-5B3A-4461-ABFA-63A3A9B23845}.Release|Any CPU.ActiveCfg = Release|Any CPU
		{74F85AF9-5B3A-4461-ABFA-63A3A9B23845}.Release|Any CPU.Build.0 = Release|Any CPU
		{74F85AF9-5B3A-4461-ABFA-63A3A9B23845}.Release|Mixed Platforms.ActiveCfg = Release|Any CPU
		{74F85AF9-5B3A-4461-ABFA-63A3A9B23845}.Release|Mixed Platforms.Build.0 = Release|Any CPU
		{74F85AF9-5B3A-4461-ABFA-63A3A9B23845}.Release|x86.ActiveCfg = Release|Any CPU
		{DEAA8F62-9F75-48A1-AD97-9FAE417E238F}.Debug|Any CPU.ActiveCfg = Debug|Any CPU
		{DEAA8F62-9F75-48A1-AD97-9FAE417E238F}.Debug|Any CPU.Build.0 = Debug|Any CPU
		{DEAA8F62-9F75-48A1-AD97-9FAE417E238F}.Debug|Mixed Platforms.ActiveCfg = Debug|Any CPU
		{DEAA8F62-9F75-48A1-AD97-9FAE417E238F}.Debug|Mixed Platforms.Build.0 = Debug|Any CPU
		{DEAA8F62-9F75-48A1-AD97-9FAE417E238F}.Debug|x86.ActiveCfg = Debug|Any CPU
		{DEAA8F62-9F75-48A1-AD97-9FAE417E238F}.Release|Any CPU.ActiveCfg = Release|Any CPU
		{DEAA8F62-9F75-48A1-AD97-9FAE417E238F}.Release|Any CPU.Build.0 = Release|Any CPU
		{DEAA8F62-9F75-48A1-AD97-9FAE417E238F}.Release|Mixed Platforms.ActiveCfg = Release|Any CPU
		{DEAA8F62-9F75-48A1-AD97-9FAE417E238F}.Release|Mixed Platforms.Build.0 = Release|Any CPU
		{DEAA8F62-9F75-48A1-AD97-9FAE417E238F}.Release|x86.ActiveCfg = Release|Any CPU
		{C4E1B7D4-3D28-49EB-A805-69DC0C1412EA}.Debug|Any CPU.ActiveCfg = Debug|x86
		{C4E1B7D4-3D28-49EB-A805-69DC0C1412EA}.Debug|Mixed Platforms.ActiveCfg = Debug|x86
		{C4E1B7D4-3D28-49EB-A805-69DC0C1412EA}.Debug|Mixed Platforms.Build.0 = Debug|x86
		{C4E1B7D4-3D28-49EB-A805-69DC0C1412EA}.Debug|x86.ActiveCfg = Debug|x86
		{C4E1B7D4-3D28-49EB-A805-69DC0C1412EA}.Debug|x86.Build.0 = Debug|x86
		{C4E1B7D4-3D28-49EB-A805-69DC0C1412EA}.Release|Any CPU.ActiveCfg = Release|x86
		{C4E1B7D4-3D28-49EB-A805-69DC0C1412EA}.Release|Mixed Platforms.ActiveCfg = Release|x86
		{C4E1B7D4-3D28-49EB-A805-69DC0C1412EA}.Release|Mixed Platforms.Build.0 = Release|x86
		{C4E1B7D4-3D28-49EB-A805-69DC0C1412EA}.Release|x86.ActiveCfg = Release|x86
		{C4E1B7D4-3D28-49EB-A805-69DC0C1412EA}.Release|x86.Build.0 = Release|x86
	EndGlobalSection
	GlobalSection(SolutionProperties) = preSolution
		HideSolutionNode = FALSE
	EndGlobalSection
EndGlobal
